PODS:
  - Flutter (1.0.0)
  - flutter_custom_tabs (0.0.1):
    - Flutter
  - oauth2_custom_uri_scheme (0.0.1):
    - Flutter
  - url_launcher (0.0.1):
    - Flutter

DEPENDENCIES:
  - Flutter (from `.symlinks/flutter/ios`)
  - flutter_custom_tabs (from `.symlinks/plugins/flutter_custom_tabs/ios`)
  - oauth2_custom_uri_scheme (from `.symlinks/plugins/oauth2_custom_uri_scheme/ios`)
  - url_launcher (from `.symlinks/plugins/url_launcher/ios`)

EXTERNAL SOURCES:
  Flutter:
    :path: ".symlinks/flutter/ios"
  flutter_custom_tabs:
    :path: ".symlinks/plugins/flutter_custom_tabs/ios"
  oauth2_custom_uri_scheme:
    :path: ".symlinks/plugins/oauth2_custom_uri_scheme/ios"
  url_launcher:
    :path: ".symlinks/plugins/url_launcher/ios"

SPEC CHECKSUMS:
  Flutter: 0e3d915762c693b495b44d77113d4970485de6ec
  flutter_custom_tabs: 9f7596dc1593f2e0d0562ce888dde6447751e97c
  oauth2_custom_uri_scheme: 1a333b61a1dbc6b58ce27530b37a2c3e480aa781
  url_launcher: 0067ddb8f10d36786672aa0722a21717dba3a298

PODFILE CHECKSUM: 10ae9c18d12c9ffc2275c9a159a3b1e281990db0

COCOAPODS: 1.7.5
